// !$*UTF8*$!
{
	archiveVersion = 1;
	classes = {
	};
	objectVersion = 51;
	objects = {

/* Begin PBXBuildFile section */
		5588D82F28EDEDF900E4074F /* RatingControl.swift in Sources */ = {isa = PBXBuildFile; fileRef = 5588D82E28EDEDF900E4074F /* RatingControl.swift */; };
		55BC70BF28F7222E00D1B011 /* MapViewController.swift in Sources */ = {isa = PBXBuildFile; fileRef = 55BC70BE28F7222E00D1B011 /* MapViewController.swift */; };
		55D18BAF28B608A9008D75E0 /* AppDelegate.swift in Sources */ = {isa = PBXBuildFile; fileRef = 55D18BAE28B608A9008D75E0 /* AppDelegate.swift */; };
		55D18BB128B608A9008D75E0 /* SceneDelegate.swift in Sources */ = {isa = PBXBuildFile; fileRef = 55D18BB028B608A9008D75E0 /* SceneDelegate.swift */; };
		55D18BB628B608A9008D75E0 /* Main.storyboard in Resources */ = {isa = PBXBuildFile; fileRef = 55D18BB428B608A9008D75E0 /* Main.storyboard */; };
		55D18BB828B608AC008D75E0 /* Assets.xcassets in Resources */ = {isa = PBXBuildFile; fileRef = 55D18BB728B608AC008D75E0 /* Assets.xcassets */; };
		55D18BBB28B608AC008D75E0 /* LaunchScreen.storyboard in Resources */ = {isa = PBXBuildFile; fileRef = 55D18BB928B608AC008D75E0 /* LaunchScreen.storyboard */; };
		55D18BC328B61321008D75E0 /* MainViewController.swift in Sources */ = {isa = PBXBuildFile; fileRef = 55D18BC228B61321008D75E0 /* MainViewController.swift */; };
		55D18BC528B764F2008D75E0 /* CustomTableViewCell.swift in Sources */ = {isa = PBXBuildFile; fileRef = 55D18BC428B764F2008D75E0 /* CustomTableViewCell.swift */; };
		55E5036828CBABF400E806CE /* StorageManager.swift in Sources */ = {isa = PBXBuildFile; fileRef = 55E5036728CBABF400E806CE /* StorageManager.swift */; };
		55EFF9FB28B8AC890056181F /* PlaceModel.swift in Sources */ = {isa = PBXBuildFile; fileRef = 55EFF9FA28B8AC890056181F /* PlaceModel.swift */; };
		55EFF9FD28BA842D0056181F /* NewPlaceViewController.swift in Sources */ = {isa = PBXBuildFile; fileRef = 55EFF9FC28BA842D0056181F /* NewPlaceViewController.swift */; };
		55F659DC29009C7800FF3B05 /* MapManager.swift in Sources */ = {isa = PBXBuildFile; fileRef = 55F659DB29009C7800FF3B05 /* MapManager.swift */; };
		FB715C7D19CD464D1F1D9AF5 /* Pods_MyPlaces.framework in Frameworks */ = {isa = PBXBuildFile; fileRef = 5DC87588F90EB18D37AC44DD /* Pods_MyPlaces.framework */; };
/* End PBXBuildFile section */

/* Begin PBXFileReference section */
		36B1AEE6A40988D66F387790 /* Pods-MyPlaces.release.xcconfig */ = {isa = PBXFileReference; includeInIndex = 1; lastKnownFileType = text.xcconfig; name = "Pods-MyPlaces.release.xcconfig"; path = "Target Support Files/Pods-MyPlaces/Pods-MyPlaces.release.xcconfig"; sourceTree = "<group>"; };
		5588D82E28EDEDF900E4074F /* RatingControl.swift */ = {isa = PBXFileReference; lastKnownFileType = sourcecode.swift; path = RatingControl.swift; sourceTree = "<group>"; };
		55BC70BE28F7222E00D1B011 /* MapViewController.swift */ = {isa = PBXFileReference; lastKnownFileType = sourcecode.swift; path = MapViewController.swift; sourceTree = "<group>"; };
		55D18BAB28B608A9008D75E0 /* MyPlaces.app */ = {isa = PBXFileReference; explicitFileType = wrapper.application; includeInIndex = 0; path = MyPlaces.app; sourceTree = BUILT_PRODUCTS_DIR; };
		55D18BAE28B608A9008D75E0 /* AppDelegate.swift */ = {isa = PBXFileReference; lastKnownFileType = sourcecode.swift; path = AppDelegate.swift; sourceTree = "<group>"; };
		55D18BB028B608A9008D75E0 /* SceneDelegate.swift */ = {isa = PBXFileReference; lastKnownFileType = sourcecode.swift; path = SceneDelegate.swift; sourceTree = "<group>"; };
		55D18BB528B608A9008D75E0 /* Base */ = {isa = PBXFileReference; lastKnownFileType = file.storyboard; name = Base; path = Base.lproj/Main.storyboard; sourceTree = "<group>"; };
		55D18BB728B608AC008D75E0 /* Assets.xcassets */ = {isa = PBXFileReference; lastKnownFileType = folder.assetcatalog; path = Assets.xcassets; sourceTree = "<group>"; };
		55D18BBA28B608AC008D75E0 /* Base */ = {isa = PBXFileReference; lastKnownFileType = file.storyboard; name = Base; path = Base.lproj/LaunchScreen.storyboard; sourceTree = "<group>"; };
		55D18BBC28B608AC008D75E0 /* Info.plist */ = {isa = PBXFileReference; lastKnownFileType = text.plist.xml; path = Info.plist; sourceTree = "<group>"; };
		55D18BC228B61321008D75E0 /* MainViewController.swift */ = {isa = PBXFileReference; lastKnownFileType = sourcecode.swift; path = MainViewController.swift; sourceTree = "<group>"; };
		55D18BC428B764F2008D75E0 /* CustomTableViewCell.swift */ = {isa = PBXFileReference; lastKnownFileType = sourcecode.swift; path = CustomTableViewCell.swift; sourceTree = "<group>"; };
		55E5036728CBABF400E806CE /* StorageManager.swift */ = {isa = PBXFileReference; lastKnownFileType = sourcecode.swift; path = StorageManager.swift; sourceTree = "<group>"; };
		55EFF9FA28B8AC890056181F /* PlaceModel.swift */ = {isa = PBXFileReference; lastKnownFileType = sourcecode.swift; path = PlaceModel.swift; sourceTree = "<group>"; };
		55EFF9FC28BA842D0056181F /* NewPlaceViewController.swift */ = {isa = PBXFileReference; lastKnownFileType = sourcecode.swift; path = NewPlaceViewController.swift; sourceTree = "<group>"; };
		55F659DB29009C7800FF3B05 /* MapManager.swift */ = {isa = PBXFileReference; lastKnownFileType = sourcecode.swift; path = MapManager.swift; sourceTree = "<group>"; };
		5DC87588F90EB18D37AC44DD /* Pods_MyPlaces.framework */ = {isa = PBXFileReference; explicitFileType = wrapper.framework; includeInIndex = 0; path = Pods_MyPlaces.framework; sourceTree = BUILT_PRODUCTS_DIR; };
		7AEC6949E3B393FC03DA98DF /* Pods-MyPlaces.debug.xcconfig */ = {isa = PBXFileReference; includeInIndex = 1; lastKnownFileType = text.xcconfig; name = "Pods-MyPlaces.debug.xcconfig"; path = "Target Support Files/Pods-MyPlaces/Pods-MyPlaces.debug.xcconfig"; sourceTree = "<group>"; };
/* End PBXFileReference section */

/* Begin PBXFrameworksBuildPhase section */
		55D18BA828B608A9008D75E0 /* Frameworks */ = {
			isa = PBXFrameworksBuildPhase;
			buildActionMask = 2147483647;
			files = (
				FB715C7D19CD464D1F1D9AF5 /* Pods_MyPlaces.framework in Frameworks */,
			);
			runOnlyForDeploymentPostprocessing = 0;
		};
/* End PBXFrameworksBuildPhase section */

/* Begin PBXGroup section */
		55D18BA228B608A9008D75E0 = {
			isa = PBXGroup;
			children = (
				55D18BAD28B608A9008D75E0 /* MyPlaces */,
				55D18BAC28B608A9008D75E0 /* Products */,
				D461FD84BB40897794226AAA /* Pods */,
				7C2686D670E3E6C7225A8C42 /* Frameworks */,
			);
			sourceTree = "<group>";
		};
		55D18BAC28B608A9008D75E0 /* Products */ = {
			isa = PBXGroup;
			children = (
				55D18BAB28B608A9008D75E0 /* MyPlaces.app */,
			);
			name = Products;
			sourceTree = "<group>";
		};
		55D18BAD28B608A9008D75E0 /* MyPlaces */ = {
			isa = PBXGroup;
			children = (
				55F659DD2900A59400FF3B05 /* ViewControllers */,
				55F659DE2900A5F100FF3B05 /* Models */,
				55F659DF2900A61500FF3B05 /* Helpers */,
				55F659E12900A6AB00FF3B05 /* IBuilder */,
				55F659E02900A66500FF3B05 /* SupportFiles */,
			);
			path = MyPlaces;
			sourceTree = "<group>";
		};
		55F659DD2900A59400FF3B05 /* ViewControllers */ = {
			isa = PBXGroup;
			children = (
				55D18BC228B61321008D75E0 /* MainViewController.swift */,
				55EFF9FC28BA842D0056181F /* NewPlaceViewController.swift */,
				55BC70BE28F7222E00D1B011 /* MapViewController.swift */,
				55D18BC428B764F2008D75E0 /* CustomTableViewCell.swift */,
			);
			path = ViewControllers;
			sourceTree = "<group>";
		};
		55F659DE2900A5F100FF3B05 /* Models */ = {
			isa = PBXGroup;
			children = (
				55EFF9FA28B8AC890056181F /* PlaceModel.swift */,
			);
			path = Models;
			sourceTree = "<group>";
		};
		55F659DF2900A61500FF3B05 /* Helpers */ = {
			isa = PBXGroup;
			children = (
				55F659DB29009C7800FF3B05 /* MapManager.swift */,
				55E5036728CBABF400E806CE /* StorageManager.swift */,
				5588D82E28EDEDF900E4074F /* RatingControl.swift */,
			);
			path = Helpers;
			sourceTree = "<group>";
		};
		55F659E02900A66500FF3B05 /* SupportFiles */ = {
			isa = PBXGroup;
			children = (
				55D18BBC28B608AC008D75E0 /* Info.plist */,
				55D18BB728B608AC008D75E0 /* Assets.xcassets */,
				55D18BAE28B608A9008D75E0 /* AppDelegate.swift */,
				55D18BB028B608A9008D75E0 /* SceneDelegate.swift */,
			);
			path = SupportFiles;
			sourceTree = "<group>";
		};
		55F659E12900A6AB00FF3B05 /* IBuilder */ = {
			isa = PBXGroup;
			children = (
				55D18BB428B608A9008D75E0 /* Main.storyboard */,
				55D18BB928B608AC008D75E0 /* LaunchScreen.storyboard */,
			);
			path = IBuilder;
			sourceTree = "<group>";
		};
		7C2686D670E3E6C7225A8C42 /* Frameworks */ = {
			isa = PBXGroup;
			children = (
				5DC87588F90EB18D37AC44DD /* Pods_MyPlaces.framework */,
			);
			name = Frameworks;
			sourceTree = "<group>";
		};
		D461FD84BB40897794226AAA /* Pods */ = {
			isa = PBXGroup;
			children = (
				7AEC6949E3B393FC03DA98DF /* Pods-MyPlaces.debug.xcconfig */,
				36B1AEE6A40988D66F387790 /* Pods-MyPlaces.release.xcconfig */,
			);
			path = Pods;
			sourceTree = "<group>";
		};
/* End PBXGroup section */

/* Begin PBXNativeTarget section */
		55D18BAA28B608A9008D75E0 /* MyPlaces */ = {
			isa = PBXNativeTarget;
			buildConfigurationList = 55D18BBF28B608AC008D75E0 /* Build configuration list for PBXNativeTarget "MyPlaces" */;
			buildPhases = (
				27047CEE8266608E0280EEA9 /* [CP] Check Pods Manifest.lock */,
				55D18BA728B608A9008D75E0 /* Sources */,
				55D18BA828B608A9008D75E0 /* Frameworks */,
				55D18BA928B608A9008D75E0 /* Resources */,
				2550FAE7B483043499C4D721 /* [CP] Embed Pods Frameworks */,
			);
			buildRules = (
			);
			dependencies = (
			);
			name = MyPlaces;
			productName = MyPlaces;
			productReference = 55D18BAB28B608A9008D75E0 /* MyPlaces.app */;
			productType = "com.apple.product-type.application";
		};
/* End PBXNativeTarget section */

/* Begin PBXProject section */
		55D18BA328B608A9008D75E0 /* Project object */ = {
			isa = PBXProject;
			attributes = {
				LastSwiftUpdateCheck = 1150;
				LastUpgradeCheck = 1150;
				ORGANIZATIONNAME = Andrey;
				TargetAttributes = {
					55D18BAA28B608A9008D75E0 = {
						CreatedOnToolsVersion = 11.5;
					};
				};
			};
			buildConfigurationList = 55D18BA628B608A9008D75E0 /* Build configuration list for PBXProject "MyPlaces" */;
			compatibilityVersion = "Xcode 9.3";
			developmentRegion = en;
			hasScannedForEncodings = 0;
			knownRegions = (
				en,
				Base,
			);
			mainGroup = 55D18BA228B608A9008D75E0;
			productRefGroup = 55D18BAC28B608A9008D75E0 /* Products */;
			projectDirPath = "";
			projectRoot = "";
			targets = (
				55D18BAA28B608A9008D75E0 /* MyPlaces */,
			);
		};
/* End PBXProject section */

/* Begin PBXResourcesBuildPhase section */
		55D18BA928B608A9008D75E0 /* Resources */ = {
			isa = PBXResourcesBuildPhase;
			buildActionMask = 2147483647;
			files = (
				55D18BBB28B608AC008D75E0 /* LaunchScreen.storyboard in Resources */,
				55D18BB828B608AC008D75E0 /* Assets.xcassets in Resources */,
				55D18BB628B608A9008D75E0 /* Main.storyboard in Resources */,
			);
			runOnlyForDeploymentPostprocessing = 0;
		};
/* End PBXResourcesBuildPhase section */

/* Begin PBXShellScriptBuildPhase section */
		2550FAE7B483043499C4D721 /* [CP] Embed Pods Frameworks */ = {
			isa = PBXShellScriptBuildPhase;
			buildActionMask = 2147483647;
			files = (
			);
			inputFileListPaths = (
				"${PODS_ROOT}/Target Support Files/Pods-MyPlaces/Pods-MyPlaces-frameworks-${CONFIGURATION}-input-files.xcfilelist",
			);
			name = "[CP] Embed Pods Frameworks";
			outputFileListPaths = (
				"${PODS_ROOT}/Target Support Files/Pods-MyPlaces/Pods-MyPlaces-frameworks-${CONFIGURATION}-output-files.xcfilelist",
			);
			runOnlyForDeploymentPostprocessing = 0;
			shellPath = /bin/sh;
			shellScript = "\"${PODS_ROOT}/Target Support Files/Pods-MyPlaces/Pods-MyPlaces-frameworks.sh\"\n";
			showEnvVarsInLog = 0;
		};
		27047CEE8266608E0280EEA9 /* [CP] Check Pods Manifest.lock */ = {
			isa = PBXShellScriptBuildPhase;
			buildActionMask = 2147483647;
			files = (
			);
			inputFileListPaths = (
			);
			inputPaths = (
				"${PODS_PODFILE_DIR_PATH}/Podfile.lock",
				"${PODS_ROOT}/Manifest.lock",
			);
			name = "[CP] Check Pods Manifest.lock";
			outputFileListPaths = (
			);
			outputPaths = (
				"$(DERIVED_FILE_DIR)/Pods-MyPlaces-checkManifestLockResult.txt",
			);
			runOnlyForDeploymentPostprocessing = 0;
			shellPath = /bin/sh;
			shellScript = "diff \"${PODS_PODFILE_DIR_PATH}/Podfile.lock\" \"${PODS_ROOT}/Manifest.lock\" > /dev/null\nif [ $? != 0 ] ; then\n    # print error to STDERR\n    echo \"error: The sandbox is not in sync with the Podfile.lock. Run 'pod install' or update your CocoaPods installation.\" >&2\n    exit 1\nfi\n# This output is used by Xcode 'outputs' to avoid re-running this script phase.\necho \"SUCCESS\" > \"${SCRIPT_OUTPUT_FILE_0}\"\n";
			showEnvVarsInLog = 0;
		};
/* End PBXShellScriptBuildPhase section */

/* Begin PBXSourcesBuildPhase section */
		55D18BA728B608A9008D75E0 /* Sources */ = {
			isa = PBXSourcesBuildPhase;
			buildActionMask = 2147483647;
			files = (
				55D18BC328B61321008D75E0 /* MainViewController.swift in Sources */,
				55EFF9FD28BA842D0056181F /* NewPlaceViewController.swift in Sources */,
				55D18BAF28B608A9008D75E0 /* AppDelegate.swift in Sources */,
				55E5036828CBABF400E806CE /* StorageManager.swift in Sources */,
				55BC70BF28F7222E00D1B011 /* MapViewController.swift in Sources */,
				5588D82F28EDEDF900E4074F /* RatingControl.swift in Sources */,
				55F659DC29009C7800FF3B05 /* MapManager.swift in Sources */,
				55EFF9FB28B8AC890056181F /* PlaceModel.swift in Sources */,
				55D18BC528B764F2008D75E0 /* CustomTableViewCell.swift in Sources */,
				55D18BB128B608A9008D75E0 /* SceneDelegate.swift in Sources */,
			);
			runOnlyForDeploymentPostprocessing = 0;
		};
/* End PBXSourcesBuildPhase section */

/* Begin PBXVariantGroup section */
		55D18BB428B608A9008D75E0 /* Main.storyboard */ = {
			isa = PBXVariantGroup;
			children = (
				55D18BB528B608A9008D75E0 /* Base */,
			);
			name = Main.storyboard;
			sourceTree = "<group>";
		};
		55D18BB928B608AC008D75E0 /* LaunchScreen.storyboard */ = {
			isa = PBXVariantGroup;
			children = (
				55D18BBA28B608AC008D75E0 /* Base */,
			);
			name = LaunchScreen.storyboard;
			sourceTree = "<group>";
		};
/* End PBXVariantGroup section */

/* Begin XCBuildConfiguration section */
		55D18BBD28B608AC008D75E0 /* Debug */ = {
			isa = XCBuildConfiguration;
			buildSettings = {
				ALWAYS_SEARCH_USER_PATHS = NO;
				CLANG_ANALYZER_NONNULL = YES;
				CLANG_ANALYZER_NUMBER_OBJECT_CONVERSION = YES_AGGRESSIVE;
				CLANG_CXX_LANGUAGE_STANDARD = "gnu++14";
				CLANG_CXX_LIBRARY = "libc++";
				CLANG_ENABLE_MODULES = YES;
				CLANG_ENABLE_OBJC_ARC = YES;
				CLANG_ENABLE_OBJC_WEAK = YES;
				CLANG_WARN_BLOCK_CAPTURE_AUTORELEASING = YES;
				CLANG_WARN_BOOL_CONVERSION = YES;
				CLANG_WARN_COMMA = YES;
				CLANG_WARN_CONSTANT_CONVERSION = YES;
				CLANG_WARN_DEPRECATED_OBJC_IMPLEMENTATIONS = YES;
				CLANG_WARN_DIRECT_OBJC_ISA_USAGE = YES_ERROR;
				CLANG_WARN_DOCUMENTATION_COMMENTS = YES;
				CLANG_WARN_EMPTY_BODY = YES;
				CLANG_WARN_ENUM_CONVERSION = YES;
				CLANG_WARN_INFINITE_RECURSION = YES;
				CLANG_WARN_INT_CONVERSION = YES;
				CLANG_WARN_NON_LITERAL_NULL_CONVERSION = YES;
				CLANG_WARN_OBJC_IMPLICIT_RETAIN_SELF = YES;
				CLANG_WARN_OBJC_LITERAL_CONVERSION = YES;
				CLANG_WARN_OBJC_ROOT_CLASS = YES_ERROR;
				CLANG_WARN_RANGE_LOOP_ANALYSIS = YES;
				CLANG_WARN_STRICT_PROTOTYPES = YES;
				CLANG_WARN_SUSPICIOUS_MOVE = YES;
				CLANG_WARN_UNGUARDED_AVAILABILITY = YES_AGGRESSIVE;
				CLANG_WARN_UNREACHABLE_CODE = YES;
				CLANG_WARN__DUPLICATE_METHOD_MATCH = YES;
				COPY_PHASE_STRIP = NO;
				DEBUG_INFORMATION_FORMAT = dwarf;
				ENABLE_STRICT_OBJC_MSGSEND = YES;
				ENABLE_TESTABILITY = YES;
				GCC_C_LANGUAGE_STANDARD = gnu11;
				GCC_DYNAMIC_NO_PIC = NO;
				GCC_NO_COMMON_BLOCKS = YES;
				GCC_OPTIMIZATION_LEVEL = 0;
				GCC_PREPROCESSOR_DEFINITIONS = (
					"DEBUG=1",
					"$(inherited)",
				);
				GCC_WARN_64_TO_32_BIT_CONVERSION = YES;
				GCC_WARN_ABOUT_RETURN_TYPE = YES_ERROR;
				GCC_WARN_UNDECLARED_SELECTOR = YES;
				GCC_WARN_UNINITIALIZED_AUTOS = YES_AGGRESSIVE;
				GCC_WARN_UNUSED_FUNCTION = YES;
				GCC_WARN_UNUSED_VARIABLE = YES;
				IPHONEOS_DEPLOYMENT_TARGET = 13.5;
				MTL_ENABLE_DEBUG_INFO = INCLUDE_SOURCE;
				MTL_FAST_MATH = YES;
				ONLY_ACTIVE_ARCH = YES;
				SDKROOT = iphoneos;
				SWIFT_ACTIVE_COMPILATION_CONDITIONS = DEBUG;
				SWIFT_OPTIMIZATION_LEVEL = "-Onone";
			};
			name = Debug;
		};
		55D18BBE28B608AC008D75E0 /* Release */ = {
			isa = XCBuildConfiguration;
			buildSettings = {
				ALWAYS_SEARCH_USER_PATHS = NO;
				CLANG_ANALYZER_NONNULL = YES;
				CLANG_ANALYZER_NUMBER_OBJECT_CONVERSION = YES_AGGRESSIVE;
				CLANG_CXX_LANGUAGE_STANDARD = "gnu++14";
				CLANG_CXX_LIBRARY = "libc++";
				CLANG_ENABLE_MODULES = YES;
				CLANG_ENABLE_OBJC_ARC = YES;
				CLANG_ENABLE_OBJC_WEAK = YES;
				CLANG_WARN_BLOCK_CAPTURE_AUTORELEASING = YES;
				CLANG_WARN_BOOL_CONVERSION = YES;
				CLANG_WARN_COMMA = YES;
				CLANG_WARN_CONSTANT_CONVERSION = YES;
				CLANG_WARN_DEPRECATED_OBJC_IMPLEMENTATIONS = YES;
				CLANG_WARN_DIRECT_OBJC_ISA_USAGE = YES_ERROR;
				CLANG_WARN_DOCUMENTATION_COMMENTS = YES;
				CLANG_WARN_EMPTY_BODY = YES;
				CLANG_WARN_ENUM_CONVERSION = YES;
				CLANG_WARN_INFINITE_RECURSION = YES;
				CLANG_WARN_INT_CONVERSION = YES;
				CLANG_WARN_NON_LITERAL_NULL_CONVERSION = YES;
				CLANG_WARN_OBJC_IMPLICIT_RETAIN_SELF = YES;
				CLANG_WARN_OBJC_LITERAL_CONVERSION = YES;
				CLANG_WARN_OBJC_ROOT_CLASS = YES_ERROR;
				CLANG_WARN_RANGE_LOOP_ANALYSIS = YES;
				CLANG_WARN_STRICT_PROTOTYPES = YES;
				CLANG_WARN_SUSPICIOUS_MOVE = YES;
				CLANG_WARN_UNGUARDED_AVAILABILITY = YES_AGGRESSIVE;
				CLANG_WARN_UNREACHABLE_CODE = YES;
				CLANG_WARN__DUPLICATE_METHOD_MATCH = YES;
				COPY_PHASE_STRIP = NO;
				DEBUG_INFORMATION_FORMAT = "dwarf-with-dsym";
				ENABLE_NS_ASSERTIONS = NO;
				ENABLE_STRICT_OBJC_MSGSEND = YES;
				GCC_C_LANGUAGE_STANDARD = gnu11;
				GCC_NO_COMMON_BLOCKS = YES;
				GCC_WARN_64_TO_32_BIT_CONVERSION = YES;
				GCC_WARN_ABOUT_RETURN_TYPE = YES_ERROR;
				GCC_WARN_UNDECLARED_SELECTOR = YES;
				GCC_WARN_UNINITIALIZED_AUTOS = YES_AGGRESSIVE;
				GCC_WARN_UNUSED_FUNCTION = YES;
				GCC_WARN_UNUSED_VARIABLE = YES;
				IPHONEOS_DEPLOYMENT_TARGET = 13.5;
				MTL_ENABLE_DEBUG_INFO = NO;
				MTL_FAST_MATH = YES;
				SDKROOT = iphoneos;
				SWIFT_COMPILATION_MODE = wholemodule;
				SWIFT_OPTIMIZATION_LEVEL = "-O";
				VALIDATE_PRODUCT = YES;
			};
			name = Release;
		};
		55D18BC028B608AC008D75E0 /* Debug */ = {
			isa = XCBuildConfiguration;
			baseConfigurationReference = 7AEC6949E3B393FC03DA98DF /* Pods-MyPlaces.debug.xcconfig */;
			buildSettings = {
				ASSETCATALOG_COMPILER_APPICON_NAME = AppIcon;
				CODE_SIGN_STYLE = Automatic;
				DEVELOPMENT_TEAM = 22JSDG8A73;
				INFOPLIST_FILE = MyPlaces/SupportFiles/Info.plist;
				LD_RUNPATH_SEARCH_PATHS = (
					"$(inherited)",
					"@executable_path/Frameworks",
				);
				PRODUCT_BUNDLE_IDENTIFIER = com.swiftBook.MyPlaces;
				PRODUCT_NAME = "$(TARGET_NAME)";
				SWIFT_VERSION = 5.0;
				TARGETED_DEVICE_FAMILY = 1;
			};
			name = Debug;
		};
		55D18BC128B608AC008D75E0 /* Release */ = {
			isa = XCBuildConfiguration;
			baseConfigurationReference = 36B1AEE6A40988D66F387790 /* Pods-MyPlaces.release.xcconfig */;
			buildSettings = {
				ASSETCATALOG_COMPILER_APPICON_NAME = AppIcon;
				CODE_SIGN_STYLE = Automatic;
				DEVELOPMENT_TEAM = 22JSDG8A73;
				INFOPLIST_FILE = MyPlaces/SupportFiles/Info.plist;
				LD_RUNPATH_SEARCH_PATHS = (
					"$(inherited)",
					"@executable_path/Frameworks",
				);
				PRODUCT_BUNDLE_IDENTIFIER = com.swiftBook.MyPlaces;
				PRODUCT_NAME = "$(TARGET_NAME)";
				SWIFT_VERSION = 5.0;
				TARGETED_DEVICE_FAMILY = 1;
			};
			name = Release;
		};
/* End XCBuildConfiguration section */

/* Begin XCConfigurationList section */
		55D18BA628B608A9008D75E0 /* Build configuration list for PBXProject "MyPlaces" */ = {
			isa = XCConfigurationList;
			buildConfigurations = (
				55D18BBD28B608AC008D75E0 /* Debug */,
				55D18BBE28B608AC008D75E0 /* Release */,
			);
			defaultConfigurationIsVisible = 0;
			defaultConfigurationName = Release;
		};
		55D18BBF28B608AC008D75E0 /* Build configuration list for PBXNativeTarget "MyPlaces" */ = {
			isa = XCConfigurationList;
			buildConfigurations = (
				55D18BC028B608AC008D75E0 /* Debug */,
				55D18BC128B608AC008D75E0 /* Release */,
			);
			defaultConfigurationIsVisible = 0;
			defaultConfigurationName = Release;
		};
/* End XCConfigurationList section */
	};
	rootObject = 55D18BA328B608A9008D75E0 /* Project object */;
}
